
Microsoft Visual Studio Solution File, Format Version 12.00
# Visual Studio Version 16
VisualStudioVersion = 16.0.31205.134
MinimumVisualStudioVersion = 10.0.40219.1
Project("{FAE04EC0-301F-11D3-BF4B-00C04F79EFBC}") = "QualityMonitoringSystem", "QualityMonitoringSystem\QualityMonitoringSystem.csproj", "{EE52BCAF-A2D1-4D01-A280-3E6B28CB62A8}"
EndProject
Project("{FAE04EC0-301F-11D3-BF4B-00C04F79EFBC}") = "QualityMonitoringSystem.Tests", "QualityMonitoringSystem.Tests\QualityMonitoringSystem.Tests.csproj", "{7F34155E-15AD-46A9-A2F5-FFA75A438FA6}"
EndProject
Global
	GlobalSection(SolutionConfigurationPlatforms) = preSolution
		Debug|Any CPU = Debug|Any CPU
		Release|Any CPU = Release|Any CPU
	EndGlobalSection
	GlobalSection(ProjectConfigurationPlatforms) = postSolution
		{EE52BCAF-A2D1-4D01-A280-3E6B28CB62A8}.Debug|Any CPU.ActiveCfg = Debug|Any CPU
		{EE52BCAF-A2D1-4D01-A280-3E6B28CB62A8}.Debug|Any CPU.Build.0 = Debug|Any CPU
		{EE52BCAF-A2D1-4D01-A280-3E6B28CB62A8}.Release|Any CPU.ActiveCfg = Release|Any CPU
		{EE52BCAF-A2D1-4D01-A280-3E6B28CB62A8}.Release|Any CPU.Build.0 = Release|Any CPU
		{7F34155E-15AD-46A9-A2F5-FFA75A438FA6}.Debug|Any CPU.ActiveCfg = Debug|Any CPU
		{7F34155E-15AD-46A9-A2F5-FFA75A438FA6}.Debug|Any CPU.Build.0 = Debug|Any CPU
		{7F34155E-15AD-46A9-A2F5-FFA75A438FA6}.Release|Any CPU.ActiveCfg = Release|Any CPU
		{7F34155E-15AD-46A9-A2F5-FFA75A438FA6}.Release|Any CPU.Build.0 = Release|Any CPU
	EndGlobalSection
	GlobalSection(SolutionProperties) = preSolution
		HideSolutionNode = FALSE
	EndGlobalSection
	GlobalSection(ExtensibilityGlobals) = postSolution
		SolutionGuid = {FE83127E-792F-43A9-AACA-1C1B120887DA}
	EndGlobalSection
EndGlobal
